
Microsoft Visual Studio Solution File, Format Version 12.00
# Visual Studio Version 16
VisualStudioVersion = 16.0.29215.179
MinimumVisualStudioVersion = 10.0.40219.1
Project("{FAE04EC0-301F-11D3-BF4B-00C04F79EFBC}") = "SportRentals", "SportRentals\SportRentals.csproj", "{1AE2064B-0BE9-440F-A3DB-41300E81705F}"
EndProject
Project("{FAE04EC0-301F-11D3-BF4B-00C04F79EFBC}") = "SportRentals.Tests", "SportRentals.Tests\SportRentals.Tests.csproj", "{A00BF4D0-5397-45FF-AA11-C9AF81F6C34C}"
EndProject
Global
	GlobalSection(SolutionConfigurationPlatforms) = preSolution
		Debug|Any CPU = Debug|Any CPU
		Release|Any CPU = Release|Any CPU
	EndGlobalSection
	GlobalSection(ProjectConfigurationPlatforms) = postSolution
		{1AE2064B-0BE9-440F-A3DB-41300E81705F}.Debug|Any CPU.ActiveCfg = Debug|Any CPU
		{1AE2064B-0BE9-440F-A3DB-41300E81705F}.Debug|Any CPU.Build.0 = Debug|Any CPU
		{1AE2064B-0BE9-440F-A3DB-41300E81705F}.Release|Any CPU.ActiveCfg = Release|Any CPU
		{1AE2064B-0BE9-440F-A3DB-41300E81705F}.Release|Any CPU.Build.0 = Release|Any CPU
		{A00BF4D0-5397-45FF-AA11-C9AF81F6C34C}.Debug|Any CPU.ActiveCfg = Debug|Any CPU
		{A00BF4D0-5397-45FF-AA11-C9AF81F6C34C}.Debug|Any CPU.Build.0 = Debug|Any CPU
		{A00BF4D0-5397-45FF-AA11-C9AF81F6C34C}.Release|Any CPU.ActiveCfg = Release|Any CPU
		{A00BF4D0-5397-45FF-AA11-C9AF81F6C34C}.Release|Any CPU.Build.0 = Release|Any CPU
	EndGlobalSection
	GlobalSection(SolutionProperties) = preSolution
		HideSolutionNode = FALSE
	EndGlobalSection
	GlobalSection(ExtensibilityGlobals) = postSolution
		SolutionGuid = {13701770-0142-43AA-8BDF-063AD8D4F1D0}
	EndGlobalSection
EndGlobal
